{
  "name": "wolftrack-visualizer",
  "lockfileVersion": 3,
  "requires": true,
  "packages": {
    "": {
      "dependencies": {
        "uplot": "^1.6.32",
        "uplot-vue": "^1.2.4"
      }
    },
    "node_modules/uplot": {
      "version": "1.6.32",
      "resolved": "https://registry.npmjs.org/uplot/-/uplot-1.6.32.tgz",
      "integrity": "sha512-KIMVnG68zvu5XXUbC4LQEPnhwOxBuLyW1AHtpm6IKTXImkbLgkMy+jabjLgSLMasNuGGzQm/ep3tOkyTxpiQIw==",
      "license": "MIT"
    },
    "node_modules/uplot-vue": {
      "version": "1.2.4",
      "resolved": "https://registry.npmjs.org/uplot-vue/-/uplot-vue-1.2.4.tgz",
      "integrity": "sha512-zcM5zCrCqryVu5qS5Crk9CulFBHH/m//pFlo+0yb1ivDW7mMsEQc8fFnRal/9qC+/ArWE66EDYf+oxlQDf1F3Q==",
      "license": "MIT",
      "engines": {
        "node": ">=8.10"
      },
      "peerDependencies": {
        "uplot": "^1.6.32"
      }
    }
  }
}
